// !$*UTF8*$!
{
	archiveVersion = 1;
	classes = {
	};
	objectVersion = 46;
	objects = {

/* Begin PBXBuildFile section */
		4C681E5064963D21EFCC8947 /* libPods-nyc-bike-finder.a in Frameworks */ = {isa = PBXBuildFile; fileRef = 531B1B619B74F696818B3289 /* libPods-nyc-bike-finder.a */; };
		6409BFB91BD6FA90007C819C /* main.m in Sources */ = {isa = PBXBuildFile; fileRef = 6409BFB81BD6FA90007C819C /* main.m */; };
		6409BFBC1BD6FA90007C819C /* AppDelegate.m in Sources */ = {isa = PBXBuildFile; fileRef = 6409BFBB1BD6FA90007C819C /* AppDelegate.m */; };
		6409BFC21BD6FA90007C819C /* Main.storyboard in Resources */ = {isa = PBXBuildFile; fileRef = 6409BFC01BD6FA90007C819C /* Main.storyboard */; };
		6409BFC51BD6FA90007C819C /* nyc_bike_finder.xcdatamodeld in Sources */ = {isa = PBXBuildFile; fileRef = 6409BFC31BD6FA90007C819C /* nyc_bike_finder.xcdatamodeld */; };
		6409BFC71BD6FA90007C819C /* Assets.xcassets in Resources */ = {isa = PBXBuildFile; fileRef = 6409BFC61BD6FA90007C819C /* Assets.xcassets */; };
		6409BFCA1BD6FA90007C819C /* LaunchScreen.storyboard in Resources */ = {isa = PBXBuildFile; fileRef = 6409BFC81BD6FA90007C819C /* LaunchScreen.storyboard */; };
		6409BFD51BD6FA90007C819C /* nyc_bike_finderTests.m in Sources */ = {isa = PBXBuildFile; fileRef = 6409BFD41BD6FA90007C819C /* nyc_bike_finderTests.m */; };
		6409BFE01BD6FA90007C819C /* nyc_bike_finderUITests.m in Sources */ = {isa = PBXBuildFile; fileRef = 6409BFDF1BD6FA90007C819C /* nyc_bike_finderUITests.m */; };
		6409BFF01BD6FB16007C819C /* MAPBase.m in Sources */ = {isa = PBXBuildFile; fileRef = 6409BFEF1BD6FB16007C819C /* MAPBase.m */; settings = {ASSET_TAGS = (); }; };
		6409BFF21BD7027A007C819C /* nyc.png in Resources */ = {isa = PBXBuildFile; fileRef = 6409BFF11BD7027A007C819C /* nyc.png */; settings = {ASSET_TAGS = (); }; };
		6409BFF61BD703E9007C819C /* MAPConstants.m in Sources */ = {isa = PBXBuildFile; fileRef = 6409BFF51BD703E9007C819C /* MAPConstants.m */; settings = {ASSET_TAGS = (); }; };
		6409BFFA1BD704D2007C819C /* MAPHTTPClient.m in Sources */ = {isa = PBXBuildFile; fileRef = 6409BFF91BD704D2007C819C /* MAPHTTPClient.m */; settings = {ASSET_TAGS = (); }; };
/* End PBXBuildFile section */

/* Begin PBXContainerItemProxy section */
		6409BFD11BD6FA90007C819C /* PBXContainerItemProxy */ = {
			isa = PBXContainerItemProxy;
			containerPortal = 6409BFAC1BD6FA90007C819C /* Project object */;
			proxyType = 1;
			remoteGlobalIDString = 6409BFB31BD6FA90007C819C;
			remoteInfo = "nyc-bike-finder";
		};
		6409BFDC1BD6FA90007C819C /* PBXContainerItemProxy */ = {
			isa = PBXContainerItemProxy;
			containerPortal = 6409BFAC1BD6FA90007C819C /* Project object */;
			proxyType = 1;
			remoteGlobalIDString = 6409BFB31BD6FA90007C819C;
			remoteInfo = "nyc-bike-finder";
		};
/* End PBXContainerItemProxy section */

/* Begin PBXFileReference section */
		422E36BCE717C6E3F1BC218C /* Pods-nyc-bike-finder.debug.xcconfig */ = {isa = PBXFileReference; includeInIndex = 1; lastKnownFileType = text.xcconfig; name = "Pods-nyc-bike-finder.debug.xcconfig"; path = "Pods/Target Support Files/Pods-nyc-bike-finder/Pods-nyc-bike-finder.debug.xcconfig"; sourceTree = "<group>"; };
		531B1B619B74F696818B3289 /* libPods-nyc-bike-finder.a */ = {isa = PBXFileReference; explicitFileType = archive.ar; includeInIndex = 0; path = "libPods-nyc-bike-finder.a"; sourceTree = BUILT_PRODUCTS_DIR; };
		6409BFB41BD6FA90007C819C /* nyc-bike-finder.app */ = {isa = PBXFileReference; explicitFileType = wrapper.application; includeInIndex = 0; path = "nyc-bike-finder.app"; sourceTree = BUILT_PRODUCTS_DIR; };
		6409BFB81BD6FA90007C819C /* main.m */ = {isa = PBXFileReference; lastKnownFileType = sourcecode.c.objc; path = main.m; sourceTree = "<group>"; };
		6409BFBA1BD6FA90007C819C /* AppDelegate.h */ = {isa = PBXFileReference; lastKnownFileType = sourcecode.c.h; path = AppDelegate.h; sourceTree = "<group>"; };
		6409BFBB1BD6FA90007C819C /* AppDelegate.m */ = {isa = PBXFileReference; lastKnownFileType = sourcecode.c.objc; path = AppDelegate.m; sourceTree = "<group>"; };
		6409BFC11BD6FA90007C819C /* Base */ = {isa = PBXFileReference; lastKnownFileType = file.storyboard; name = Base; path = Base.lproj/Main.storyboard; sourceTree = "<group>"; };
		6409BFC41BD6FA90007C819C /* nyc_bike_finder.xcdatamodel */ = {isa = PBXFileReference; lastKnownFileType = wrapper.xcdatamodel; path = nyc_bike_finder.xcdatamodel; sourceTree = "<group>"; };
		6409BFC61BD6FA90007C819C /* Assets.xcassets */ = {isa = PBXFileReference; lastKnownFileType = folder.assetcatalog; path = Assets.xcassets; sourceTree = "<group>"; };
		6409BFC91BD6FA90007C819C /* Base */ = {isa = PBXFileReference; lastKnownFileType = file.storyboard; name = Base; path = Base.lproj/LaunchScreen.storyboard; sourceTree = "<group>"; };
		6409BFCB1BD6FA90007C819C /* Info.plist */ = {isa = PBXFileReference; lastKnownFileType = text.plist.xml; path = Info.plist; sourceTree = "<group>"; };
		6409BFD01BD6FA90007C819C /* nyc-bike-finderTests.xctest */ = {isa = PBXFileReference; explicitFileType = wrapper.cfbundle; includeInIndex = 0; path = "nyc-bike-finderTests.xctest"; sourceTree = BUILT_PRODUCTS_DIR; };
		6409BFD41BD6FA90007C819C /* nyc_bike_finderTests.m */ = {isa = PBXFileReference; lastKnownFileType = sourcecode.c.objc; path = nyc_bike_finderTests.m; sourceTree = "<group>"; };
		6409BFD61BD6FA90007C819C /* Info.plist */ = {isa = PBXFileReference; lastKnownFileType = text.plist.xml; path = Info.plist; sourceTree = "<group>"; };
		6409BFDB1BD6FA90007C819C /* nyc-bike-finderUITests.xctest */ = {isa = PBXFileReference; explicitFileType = wrapper.cfbundle; includeInIndex = 0; path = "nyc-bike-finderUITests.xctest"; sourceTree = BUILT_PRODUCTS_DIR; };
		6409BFDF1BD6FA90007C819C /* nyc_bike_finderUITests.m */ = {isa = PBXFileReference; lastKnownFileType = sourcecode.c.objc; path = nyc_bike_finderUITests.m; sourceTree = "<group>"; };
		6409BFE11BD6FA90007C819C /* Info.plist */ = {isa = PBXFileReference; lastKnownFileType = text.plist.xml; path = Info.plist; sourceTree = "<group>"; };
		6409BFEE1BD6FB16007C819C /* MAPBase.h */ = {isa = PBXFileReference; fileEncoding = 4; lastKnownFileType = sourcecode.c.h; path = MAPBase.h; sourceTree = "<group>"; };
		6409BFEF1BD6FB16007C819C /* MAPBase.m */ = {isa = PBXFileReference; fileEncoding = 4; lastKnownFileType = sourcecode.c.objc; path = MAPBase.m; sourceTree = "<group>"; };
		6409BFF11BD7027A007C819C /* nyc.png */ = {isa = PBXFileReference; lastKnownFileType = image.png; path = nyc.png; sourceTree = "<group>"; };
		6409BFF41BD703E9007C819C /* MAPConstants.h */ = {isa = PBXFileReference; fileEncoding = 4; lastKnownFileType = sourcecode.c.h; path = MAPConstants.h; sourceTree = "<group>"; };
		6409BFF51BD703E9007C819C /* MAPConstants.m */ = {isa = PBXFileReference; fileEncoding = 4; lastKnownFileType = sourcecode.c.objc; path = MAPConstants.m; sourceTree = "<group>"; };
		6409BFF71BD704B7007C819C /* PrefixHeader.pch */ = {isa = PBXFileReference; lastKnownFileType = sourcecode.c.h; path = PrefixHeader.pch; sourceTree = "<group>"; };
		6409BFF81BD704D2007C819C /* MAPHTTPClient.h */ = {isa = PBXFileReference; fileEncoding = 4; lastKnownFileType = sourcecode.c.h; path = MAPHTTPClient.h; sourceTree = "<group>"; };
		6409BFF91BD704D2007C819C /* MAPHTTPClient.m */ = {isa = PBXFileReference; fileEncoding = 4; lastKnownFileType = sourcecode.c.objc; path = MAPHTTPClient.m; sourceTree = "<group>"; };
		E65D67D500E550262522AD4F /* Pods-nyc-bike-finder.release.xcconfig */ = {isa = PBXFileReference; includeInIndex = 1; lastKnownFileType = text.xcconfig; name = "Pods-nyc-bike-finder.release.xcconfig"; path = "Pods/Target Support Files/Pods-nyc-bike-finder/Pods-nyc-bike-finder.release.xcconfig"; sourceTree = "<group>"; };
/* End PBXFileReference section */

/* Begin PBXFrameworksBuildPhase section */
		6409BFB11BD6FA90007C819C /* Frameworks */ = {
			isa = PBXFrameworksBuildPhase;
			buildActionMask = 2147483647;
			files = (
				4C681E5064963D21EFCC8947 /* libPods-nyc-bike-finder.a in Frameworks */,
			);
			runOnlyForDeploymentPostprocessing = 0;
		};
		6409BFCD1BD6FA90007C819C /* Frameworks */ = {
			isa = PBXFrameworksBuildPhase;
			buildActionMask = 2147483647;
			files = (
			);
			runOnlyForDeploymentPostprocessing = 0;
		};
		6409BFD81BD6FA90007C819C /* Frameworks */ = {
			isa = PBXFrameworksBuildPhase;
			buildActionMask = 2147483647;
			files = (
			);
			runOnlyForDeploymentPostprocessing = 0;
		};
/* End PBXFrameworksBuildPhase section */

/* Begin PBXGroup section */
		438640D9162968F50A6BDFE8 /* Pods */ = {
			isa = PBXGroup;
			children = (
				422E36BCE717C6E3F1BC218C /* Pods-nyc-bike-finder.debug.xcconfig */,
				E65D67D500E550262522AD4F /* Pods-nyc-bike-finder.release.xcconfig */,
			);
			name = Pods;
			sourceTree = "<group>";
		};
		6409BFAB1BD6FA90007C819C = {
			isa = PBXGroup;
			children = (
				6409BFB61BD6FA90007C819C /* nyc-bike-finder */,
				6409BFD31BD6FA90007C819C /* nyc-bike-finderTests */,
				6409BFDE1BD6FA90007C819C /* nyc-bike-finderUITests */,
				6409BFB51BD6FA90007C819C /* Products */,
				438640D9162968F50A6BDFE8 /* Pods */,
				A1179502A82C60D88D607F2A /* Frameworks */,
			);
			sourceTree = "<group>";
		};
		6409BFB51BD6FA90007C819C /* Products */ = {
			isa = PBXGroup;
			children = (
				6409BFB41BD6FA90007C819C /* nyc-bike-finder.app */,
				6409BFD01BD6FA90007C819C /* nyc-bike-finderTests.xctest */,
				6409BFDB1BD6FA90007C819C /* nyc-bike-finderUITests.xctest */,
			);
			name = Products;
			sourceTree = "<group>";
		};
		6409BFB61BD6FA90007C819C /* nyc-bike-finder */ = {
			isa = PBXGroup;
			children = (
				6409BFED1BD6FAB7007C819C /* Application */,
				6409BFB71BD6FA90007C819C /* Supporting Files */,
				6409BFF31BD703C8007C819C /* Classes */,
			);
			path = "nyc-bike-finder";
			sourceTree = "<group>";
		};
		6409BFB71BD6FA90007C819C /* Supporting Files */ = {
			isa = PBXGroup;
			children = (
				6409BFF11BD7027A007C819C /* nyc.png */,
				6409BFB81BD6FA90007C819C /* main.m */,
			);
			name = "Supporting Files";
			sourceTree = "<group>";
		};
		6409BFD31BD6FA90007C819C /* nyc-bike-finderTests */ = {
			isa = PBXGroup;
			children = (
				6409BFD41BD6FA90007C819C /* nyc_bike_finderTests.m */,
				6409BFD61BD6FA90007C819C /* Info.plist */,
			);
			path = "nyc-bike-finderTests";
			sourceTree = "<group>";
		};
		6409BFDE1BD6FA90007C819C /* nyc-bike-finderUITests */ = {
			isa = PBXGroup;
			children = (
				6409BFDF1BD6FA90007C819C /* nyc_bike_finderUITests.m */,
				6409BFE11BD6FA90007C819C /* Info.plist */,
			);
			path = "nyc-bike-finderUITests";
			sourceTree = "<group>";
		};
		6409BFED1BD6FAB7007C819C /* Application */ = {
			isa = PBXGroup;
			children = (
				6409BFBA1BD6FA90007C819C /* AppDelegate.h */,
				6409BFBB1BD6FA90007C819C /* AppDelegate.m */,
				6409BFC01BD6FA90007C819C /* Main.storyboard */,
				6409BFC61BD6FA90007C819C /* Assets.xcassets */,
				6409BFC81BD6FA90007C819C /* LaunchScreen.storyboard */,
				6409BFCB1BD6FA90007C819C /* Info.plist */,
				6409BFC31BD6FA90007C819C /* nyc_bike_finder.xcdatamodeld */,
				6409BFF71BD704B7007C819C /* PrefixHeader.pch */,
			);
			name = Application;
			sourceTree = "<group>";
		};
		6409BFF31BD703C8007C819C /* Classes */ = {
			isa = PBXGroup;
			children = (
				6409BFEE1BD6FB16007C819C /* MAPBase.h */,
				6409BFEF1BD6FB16007C819C /* MAPBase.m */,
				6409BFF41BD703E9007C819C /* MAPConstants.h */,
				6409BFF51BD703E9007C819C /* MAPConstants.m */,
				6409BFF81BD704D2007C819C /* MAPHTTPClient.h */,
				6409BFF91BD704D2007C819C /* MAPHTTPClient.m */,
			);
			name = Classes;
			sourceTree = "<group>";
		};
		A1179502A82C60D88D607F2A /* Frameworks */ = {
			isa = PBXGroup;
			children = (
				531B1B619B74F696818B3289 /* libPods-nyc-bike-finder.a */,
			);
			name = Frameworks;
			sourceTree = "<group>";
		};
/* End PBXGroup section */

/* Begin PBXNativeTarget section */
		6409BFB31BD6FA90007C819C /* nyc-bike-finder */ = {
			isa = PBXNativeTarget;
			buildConfigurationList = 6409BFE41BD6FA90007C819C /* Build configuration list for PBXNativeTarget "nyc-bike-finder" */;
			buildPhases = (
				01F04E4F8AA9599E8F604661 /* Check Pods Manifest.lock */,
				6409BFB01BD6FA90007C819C /* Sources */,
				6409BFB11BD6FA90007C819C /* Frameworks */,
				6409BFB21BD6FA90007C819C /* Resources */,
				12BD97A5FC4465A44EC6145C /* Copy Pods Resources */,
			);
			buildRules = (
			);
			dependencies = (
			);
			name = "nyc-bike-finder";
			productName = "nyc-bike-finder";
			productReference = 6409BFB41BD6FA90007C819C /* nyc-bike-finder.app */;
			productType = "com.apple.product-type.application";
		};
		6409BFCF1BD6FA90007C819C /* nyc-bike-finderTests */ = {
			isa = PBXNativeTarget;
			buildConfigurationList = 6409BFE71BD6FA90007C819C /* Build configuration list for PBXNativeTarget "nyc-bike-finderTests" */;
			buildPhases = (
				6409BFCC1BD6FA90007C819C /* Sources */,
				6409BFCD1BD6FA90007C819C /* Frameworks */,
				6409BFCE1BD6FA90007C819C /* Resources */,
			);
			buildRules = (
			);
			dependencies = (
				6409BFD21BD6FA90007C819C /* PBXTargetDependency */,
			);
			name = "nyc-bike-finderTests";
			productName = "nyc-bike-finderTests";
			productReference = 6409BFD01BD6FA90007C819C /* nyc-bike-finderTests.xctest */;
			productType = "com.apple.product-type.bundle.unit-test";
		};
		6409BFDA1BD6FA90007C819C /* nyc-bike-finderUITests */ = {
			isa = PBXNativeTarget;
			buildConfigurationList = 6409BFEA1BD6FA90007C819C /* Build configuration list for PBXNativeTarget "nyc-bike-finderUITests" */;
			buildPhases = (
				6409BFD71BD6FA90007C819C /* Sources */,
				6409BFD81BD6FA90007C819C /* Frameworks */,
				6409BFD91BD6FA90007C819C /* Resources */,
			);
			buildRules = (
			);
			dependencies = (
				6409BFDD1BD6FA90007C819C /* PBXTargetDependency */,
			);
			name = "nyc-bike-finderUITests";
			productName = "nyc-bike-finderUITests";
			productReference = 6409BFDB1BD6FA90007C819C /* nyc-bike-finderUITests.xctest */;
			productType = "com.apple.product-type.bundle.ui-testing";
		};
/* End PBXNativeTarget section */

/* Begin PBXProject section */
		6409BFAC1BD6FA90007C819C /* Project object */ = {
			isa = PBXProject;
			attributes = {
				LastUpgradeCheck = 0700;
				ORGANIZATIONNAME = "Math And Pencil LLC";
				TargetAttributes = {
					6409BFB31BD6FA90007C819C = {
						CreatedOnToolsVersion = 7.0.1;
					};
					6409BFCF1BD6FA90007C819C = {
						CreatedOnToolsVersion = 7.0.1;
						TestTargetID = 6409BFB31BD6FA90007C819C;
					};
					6409BFDA1BD6FA90007C819C = {
						CreatedOnToolsVersion = 7.0.1;
						TestTargetID = 6409BFB31BD6FA90007C819C;
					};
				};
			};
			buildConfigurationList = 6409BFAF1BD6FA90007C819C /* Build configuration list for PBXProject "nyc-bike-finder" */;
			compatibilityVersion = "Xcode 3.2";
			developmentRegion = English;
			hasScannedForEncodings = 0;
			knownRegions = (
				en,
				Base,
			);
			mainGroup = 6409BFAB1BD6FA90007C819C;
			productRefGroup = 6409BFB51BD6FA90007C819C /* Products */;
			projectDirPath = "";
			projectRoot = "";
			targets = (
				6409BFB31BD6FA90007C819C /* nyc-bike-finder */,
				6409BFCF1BD6FA90007C819C /* nyc-bike-finderTests */,
				6409BFDA1BD6FA90007C819C /* nyc-bike-finderUITests */,
			);
		};
/* End PBXProject section */

/* Begin PBXResourcesBuildPhase section */
		6409BFB21BD6FA90007C819C /* Resources */ = {
			isa = PBXResourcesBuildPhase;
			buildActionMask = 2147483647;
			files = (
				6409BFF21BD7027A007C819C /* nyc.png in Resources */,
				6409BFCA1BD6FA90007C819C /* LaunchScreen.storyboard in Resources */,
				6409BFC71BD6FA90007C819C /* Assets.xcassets in Resources */,
				6409BFC21BD6FA90007C819C /* Main.storyboard in Resources */,
			);
			runOnlyForDeploymentPostprocessing = 0;
		};
		6409BFCE1BD6FA90007C819C /* Resources */ = {
			isa = PBXResourcesBuildPhase;
			buildActionMask = 2147483647;
			files = (
			);
			runOnlyForDeploymentPostprocessing = 0;
		};
		6409BFD91BD6FA90007C819C /* Resources */ = {
			isa = PBXResourcesBuildPhase;
			buildActionMask = 2147483647;
			files = (
			);
			runOnlyForDeploymentPostprocessing = 0;
		};
/* End PBXResourcesBuildPhase section */

/* Begin PBXShellScriptBuildPhase section */
		01F04E4F8AA9599E8F604661 /* Check Pods Manifest.lock */ = {
			isa = PBXShellScriptBuildPhase;
			buildActionMask = 2147483647;
			files = (
			);
			inputPaths = (
			);
			name = "Check Pods Manifest.lock";
			outputPaths = (
			);
			runOnlyForDeploymentPostprocessing = 0;
			shellPath = /bin/sh;
			shellScript = "diff \"${PODS_ROOT}/../Podfile.lock\" \"${PODS_ROOT}/Manifest.lock\" > /dev/null\nif [[ $? != 0 ]] ; then\n    cat << EOM\nerror: The sandbox is not in sync with the Podfile.lock. Run 'pod install' or update your CocoaPods installation.\nEOM\n    exit 1\nfi\n";
			showEnvVarsInLog = 0;
		};
		12BD97A5FC4465A44EC6145C /* Copy Pods Resources */ = {
			isa = PBXShellScriptBuildPhase;
			buildActionMask = 2147483647;
			files = (
			);
			inputPaths = (
			);
			name = "Copy Pods Resources";
			outputPaths = (
			);
			runOnlyForDeploymentPostprocessing = 0;
			shellPath = /bin/sh;
			shellScript = "\"${SRCROOT}/Pods/Target Support Files/Pods-nyc-bike-finder/Pods-nyc-bike-finder-resources.sh\"\n";
			showEnvVarsInLog = 0;
		};
/* End PBXShellScriptBuildPhase section */

/* Begin PBXSourcesBuildPhase section */
		6409BFB01BD6FA90007C819C /* Sources */ = {
			isa = PBXSourcesBuildPhase;
			buildActionMask = 2147483647;
			files = (
				6409BFBC1BD6FA90007C819C /* AppDelegate.m in Sources */,
				6409BFFA1BD704D2007C819C /* MAPHTTPClient.m in Sources */,
				6409BFF01BD6FB16007C819C /* MAPBase.m in Sources */,
				6409BFF61BD703E9007C819C /* MAPConstants.m in Sources */,
				6409BFB91BD6FA90007C819C /* main.m in Sources */,
				6409BFC51BD6FA90007C819C /* nyc_bike_finder.xcdatamodeld in Sources */,
			);
			runOnlyForDeploymentPostprocessing = 0;
		};
		6409BFCC1BD6FA90007C819C /* Sources */ = {
			isa = PBXSourcesBuildPhase;
			buildActionMask = 2147483647;
			files = (
				6409BFD51BD6FA90007C819C /* nyc_bike_finderTests.m in Sources */,
			);
			runOnlyForDeploymentPostprocessing = 0;
		};
		6409BFD71BD6FA90007C819C /* Sources */ = {
			isa = PBXSourcesBuildPhase;
			buildActionMask = 2147483647;
			files = (
				6409BFE01BD6FA90007C819C /* nyc_bike_finderUITests.m in Sources */,
			);
			runOnlyForDeploymentPostprocessing = 0;
		};
/* End PBXSourcesBuildPhase section */

/* Begin PBXTargetDependency section */
		6409BFD21BD6FA90007C819C /* PBXTargetDependency */ = {
			isa = PBXTargetDependency;
			target = 6409BFB31BD6FA90007C819C /* nyc-bike-finder */;
			targetProxy = 6409BFD11BD6FA90007C819C /* PBXContainerItemProxy */;
		};
		6409BFDD1BD6FA90007C819C /* PBXTargetDependency */ = {
			isa = PBXTargetDependency;
			target = 6409BFB31BD6FA90007C819C /* nyc-bike-finder */;
			targetProxy = 6409BFDC1BD6FA90007C819C /* PBXContainerItemProxy */;
		};
/* End PBXTargetDependency section */

/* Begin PBXVariantGroup section */
		6409BFC01BD6FA90007C819C /* Main.storyboard */ = {
			isa = PBXVariantGroup;
			children = (
				6409BFC11BD6FA90007C819C /* Base */,
			);
			name = Main.storyboard;
			sourceTree = "<group>";
		};
		6409BFC81BD6FA90007C819C /* LaunchScreen.storyboard */ = {
			isa = PBXVariantGroup;
			children = (
				6409BFC91BD6FA90007C819C /* Base */,
			);
			name = LaunchScreen.storyboard;
			sourceTree = "<group>";
		};
/* End PBXVariantGroup section */

/* Begin XCBuildConfiguration section */
		6409BFE21BD6FA90007C819C /* Debug */ = {
			isa = XCBuildConfiguration;
			buildSettings = {
				ALWAYS_SEARCH_USER_PATHS = NO;
				CLANG_CXX_LANGUAGE_STANDARD = "gnu++0x";
				CLANG_CXX_LIBRARY = "libc++";
				CLANG_ENABLE_MODULES = YES;
				CLANG_ENABLE_OBJC_ARC = YES;
				CLANG_WARN_BOOL_CONVERSION = YES;
				CLANG_WARN_CONSTANT_CONVERSION = YES;
				CLANG_WARN_DIRECT_OBJC_ISA_USAGE = YES_ERROR;
				CLANG_WARN_EMPTY_BODY = YES;
				CLANG_WARN_ENUM_CONVERSION = YES;
				CLANG_WARN_INT_CONVERSION = YES;
				CLANG_WARN_OBJC_ROOT_CLASS = YES_ERROR;
				CLANG_WARN_UNREACHABLE_CODE = YES;
				CLANG_WARN__DUPLICATE_METHOD_MATCH = YES;
				"CODE_SIGN_IDENTITY[sdk=iphoneos*]" = "iPhone Developer";
				COPY_PHASE_STRIP = NO;
				DEBUG_INFORMATION_FORMAT = dwarf;
				ENABLE_STRICT_OBJC_MSGSEND = YES;
				ENABLE_TESTABILITY = YES;
				GCC_C_LANGUAGE_STANDARD = gnu99;
				GCC_DYNAMIC_NO_PIC = NO;
				GCC_NO_COMMON_BLOCKS = YES;
				GCC_OPTIMIZATION_LEVEL = 0;
				GCC_PREFIX_HEADER = "nyc-bike-finder/PrefixHeader.pch";
				GCC_PREPROCESSOR_DEFINITIONS = (
					"DEBUG=1",
					"$(inherited)",
				);
				GCC_WARN_64_TO_32_BIT_CONVERSION = YES;
				GCC_WARN_ABOUT_RETURN_TYPE = YES_ERROR;
				GCC_WARN_UNDECLARED_SELECTOR = YES;
				GCC_WARN_UNINITIALIZED_AUTOS = YES_AGGRESSIVE;
				GCC_WARN_UNUSED_FUNCTION = YES;
				GCC_WARN_UNUSED_VARIABLE = YES;
				IPHONEOS_DEPLOYMENT_TARGET = 9.0;
				MTL_ENABLE_DEBUG_INFO = YES;
				ONLY_ACTIVE_ARCH = YES;
				SDKROOT = iphoneos;
			};
			name = Debug;
		};
		6409BFE31BD6FA90007C819C /* Release */ = {
			isa = XCBuildConfiguration;
			buildSettings = {
				ALWAYS_SEARCH_USER_PATHS = NO;
				CLANG_CXX_LANGUAGE_STANDARD = "gnu++0x";
				CLANG_CXX_LIBRARY = "libc++";
				CLANG_ENABLE_MODULES = YES;
				CLANG_ENABLE_OBJC_ARC = YES;
				CLANG_WARN_BOOL_CONVERSION = YES;
				CLANG_WARN_CONSTANT_CONVERSION = YES;
				CLANG_WARN_DIRECT_OBJC_ISA_USAGE = YES_ERROR;
				CLANG_WARN_EMPTY_BODY = YES;
				CLANG_WARN_ENUM_CONVERSION = YES;
				CLANG_WARN_INT_CONVERSION = YES;
				CLANG_WARN_OBJC_ROOT_CLASS = YES_ERROR;
				CLANG_WARN_UNREACHABLE_CODE = YES;
				CLANG_WARN__DUPLICATE_METHOD_MATCH = YES;
				"CODE_SIGN_IDENTITY[sdk=iphoneos*]" = "iPhone Developer";
				COPY_PHASE_STRIP = NO;
				DEBUG_INFORMATION_FORMAT = "dwarf-with-dsym";
				ENABLE_NS_ASSERTIONS = NO;
				ENABLE_STRICT_OBJC_MSGSEND = YES;
				GCC_C_LANGUAGE_STANDARD = gnu99;
				GCC_NO_COMMON_BLOCKS = YES;
				GCC_PREFIX_HEADER = "nyc-bike-finder/PrefixHeader.pch";
				GCC_WARN_64_TO_32_BIT_CONVERSION = YES;
				GCC_WARN_ABOUT_RETURN_TYPE = YES_ERROR;
				GCC_WARN_UNDECLARED_SELECTOR = YES;
				GCC_WARN_UNINITIALIZED_AUTOS = YES_AGGRESSIVE;
				GCC_WARN_UNUSED_FUNCTION = YES;
				GCC_WARN_UNUSED_VARIABLE = YES;
				IPHONEOS_DEPLOYMENT_TARGET = 9.0;
				MTL_ENABLE_DEBUG_INFO = NO;
				SDKROOT = iphoneos;
				VALIDATE_PRODUCT = YES;
			};
			name = Release;
		};
		6409BFE51BD6FA90007C819C /* Debug */ = {
			isa = XCBuildConfiguration;
			baseConfigurationReference = 422E36BCE717C6E3F1BC218C /* Pods-nyc-bike-finder.debug.xcconfig */;
			buildSettings = {
				ASSETCATALOG_COMPILER_APPICON_NAME = AppIcon;
				INFOPLIST_FILE = "nyc-bike-finder/Info.plist";
				LD_RUNPATH_SEARCH_PATHS = "$(inherited) @executable_path/Frameworks";
				PRODUCT_BUNDLE_IDENTIFIER = "com.mathandpencil.nyc-bike-finder";
				PRODUCT_NAME = "$(TARGET_NAME)";
			};
			name = Debug;
		};
		6409BFE61BD6FA90007C819C /* Release */ = {
			isa = XCBuildConfiguration;
			baseConfigurationReference = E65D67D500E550262522AD4F /* Pods-nyc-bike-finder.release.xcconfig */;
			buildSettings = {
				ASSETCATALOG_COMPILER_APPICON_NAME = AppIcon;
				INFOPLIST_FILE = "nyc-bike-finder/Info.plist";
				LD_RUNPATH_SEARCH_PATHS = "$(inherited) @executable_path/Frameworks";
				PRODUCT_BUNDLE_IDENTIFIER = "com.mathandpencil.nyc-bike-finder";
				PRODUCT_NAME = "$(TARGET_NAME)";
			};
			name = Release;
		};
		6409BFE81BD6FA90007C819C /* Debug */ = {
			isa = XCBuildConfiguration;
			buildSettings = {
				BUNDLE_LOADER = "$(TEST_HOST)";
				INFOPLIST_FILE = "nyc-bike-finderTests/Info.plist";
				LD_RUNPATH_SEARCH_PATHS = "$(inherited) @executable_path/Frameworks @loader_path/Frameworks";
				PRODUCT_BUNDLE_IDENTIFIER = "com.mathandpencil.nyc-bike-finderTests";
				PRODUCT_NAME = "$(TARGET_NAME)";
				TEST_HOST = "$(BUILT_PRODUCTS_DIR)/nyc-bike-finder.app/nyc-bike-finder";
			};
			name = Debug;
		};
		6409BFE91BD6FA90007C819C /* Release */ = {
			isa = XCBuildConfiguration;
			buildSettings = {
				BUNDLE_LOADER = "$(TEST_HOST)";
				INFOPLIST_FILE = "nyc-bike-finderTests/Info.plist";
				LD_RUNPATH_SEARCH_PATHS = "$(inherited) @executable_path/Frameworks @loader_path/Frameworks";
				PRODUCT_BUNDLE_IDENTIFIER = "com.mathandpencil.nyc-bike-finderTests";
				PRODUCT_NAME = "$(TARGET_NAME)";
				TEST_HOST = "$(BUILT_PRODUCTS_DIR)/nyc-bike-finder.app/nyc-bike-finder";
			};
			name = Release;
		};
		6409BFEB1BD6FA90007C819C /* Debug */ = {
			isa = XCBuildConfiguration;
			buildSettings = {
				INFOPLIST_FILE = "nyc-bike-finderUITests/Info.plist";
				LD_RUNPATH_SEARCH_PATHS = "$(inherited) @executable_path/Frameworks @loader_path/Frameworks";
				PRODUCT_BUNDLE_IDENTIFIER = "com.mathandpencil.nyc-bike-finderUITests";
				PRODUCT_NAME = "$(TARGET_NAME)";
				TEST_TARGET_NAME = "nyc-bike-finder";
				USES_XCTRUNNER = YES;
			};
			name = Debug;
		};
		6409BFEC1BD6FA90007C819C /* Release */ = {
			isa = XCBuildConfiguration;
			buildSettings = {
				INFOPLIST_FILE = "nyc-bike-finderUITests/Info.plist";
				LD_RUNPATH_SEARCH_PATHS = "$(inherited) @executable_path/Frameworks @loader_path/Frameworks";
				PRODUCT_BUNDLE_IDENTIFIER = "com.mathandpencil.nyc-bike-finderUITests";
				PRODUCT_NAME = "$(TARGET_NAME)";
				TEST_TARGET_NAME = "nyc-bike-finder";
				USES_XCTRUNNER = YES;
			};
			name = Release;
		};
/* End XCBuildConfiguration section */

/* Begin XCConfigurationList section */
		6409BFAF1BD6FA90007C819C /* Build configuration list for PBXProject "nyc-bike-finder" */ = {
			isa = XCConfigurationList;
			buildConfigurations = (
				6409BFE21BD6FA90007C819C /* Debug */,
				6409BFE31BD6FA90007C819C /* Release */,
			);
			defaultConfigurationIsVisible = 0;
			defaultConfigurationName = Release;
		};
		6409BFE41BD6FA90007C819C /* Build configuration list for PBXNativeTarget "nyc-bike-finder" */ = {
			isa = XCConfigurationList;
			buildConfigurations = (
				6409BFE51BD6FA90007C819C /* Debug */,
				6409BFE61BD6FA90007C819C /* Release */,
			);
			defaultConfigurationIsVisible = 0;
			defaultConfigurationName = Release;
		};
		6409BFE71BD6FA90007C819C /* Build configuration list for PBXNativeTarget "nyc-bike-finderTests" */ = {
			isa = XCConfigurationList;
			buildConfigurations = (
				6409BFE81BD6FA90007C819C /* Debug */,
				6409BFE91BD6FA90007C819C /* Release */,
			);
			defaultConfigurationIsVisible = 0;
			defaultConfigurationName = Release;
		};
		6409BFEA1BD6FA90007C819C /* Build configuration list for PBXNativeTarget "nyc-bike-finderUITests" */ = {
			isa = XCConfigurationList;
			buildConfigurations = (
				6409BFEB1BD6FA90007C819C /* Debug */,
				6409BFEC1BD6FA90007C819C /* Release */,
			);
			defaultConfigurationIsVisible = 0;
			defaultConfigurationName = Release;
		};
/* End XCConfigurationList section */

/* Begin XCVersionGroup section */
		6409BFC31BD6FA90007C819C /* nyc_bike_finder.xcdatamodeld */ = {
			isa = XCVersionGroup;
			children = (
				6409BFC41BD6FA90007C819C /* nyc_bike_finder.xcdatamodel */,
			);
			currentVersion = 6409BFC41BD6FA90007C819C /* nyc_bike_finder.xcdatamodel */;
			path = nyc_bike_finder.xcdatamodeld;
			sourceTree = "<group>";
			versionGroupType = wrapper.xcdatamodel;
		};
/* End XCVersionGroup section */
	};
	rootObject = 6409BFAC1BD6FA90007C819C /* Project object */;
}
